// !$*UTF8*$!
{
	archiveVersion = 1;
	classes = {
	};
	objectVersion = 54;
	objects = {

/* Begin PBXBuildFile section */
		610A53082BDBC44A0026E297 /* DiceTableViewController.swift in Sources */ = {isa = PBXBuildFile; fileRef = 610A53072BDBC44A0026E297 /* DiceTableViewController.swift */; };
		6134DB2D2BC69D19007D2045 /* Model.swift in Sources */ = {isa = PBXBuildFile; fileRef = 6134DB2C2BC69D19007D2045 /* Model.swift */; };
		6134DB592BC6A8BB007D2045 /* comb-1x1.mp3 in Resources */ = {isa = PBXBuildFile; fileRef = 6134DB2E2BC6A8BB007D2045 /* comb-1x1.mp3 */; };
		6134DB5A2BC6A8BB007D2045 /* comb-1x2.mp3 in Resources */ = {isa = PBXBuildFile; fileRef = 6134DB2F2BC6A8BB007D2045 /* comb-1x2.mp3 */; };
		6134DB5B2BC6A8BB007D2045 /* comb-1x3.mp3 in Resources */ = {isa = PBXBuildFile; fileRef = 6134DB302BC6A8BB007D2045 /* comb-1x3.mp3 */; };
		6134DB5C2BC6A8BB007D2045 /* comb-1x4.mp3 in Resources */ = {isa = PBXBuildFile; fileRef = 6134DB312BC6A8BB007D2045 /* comb-1x4.mp3 */; };
		6134DB5D2BC6A8BB007D2045 /* comb-1x5.mp3 in Resources */ = {isa = PBXBuildFile; fileRef = 6134DB322BC6A8BB007D2045 /* comb-1x5.mp3 */; };
		6134DB5E2BC6A8BB007D2045 /* comb-1x6.mp3 in Resources */ = {isa = PBXBuildFile; fileRef = 6134DB332BC6A8BB007D2045 /* comb-1x6.mp3 */; };
		6134DB5F2BC6A8BB007D2045 /* comb-2x1.mp3 in Resources */ = {isa = PBXBuildFile; fileRef = 6134DB352BC6A8BB007D2045 /* comb-2x1.mp3 */; };
		6134DB602BC6A8BB007D2045 /* comb-2x2.mp3 in Resources */ = {isa = PBXBuildFile; fileRef = 6134DB362BC6A8BB007D2045 /* comb-2x2.mp3 */; };
		6134DB612BC6A8BB007D2045 /* comb-2x3.mp3 in Resources */ = {isa = PBXBuildFile; fileRef = 6134DB372BC6A8BB007D2045 /* comb-2x3.mp3 */; };
		6134DB622BC6A8BB007D2045 /* comb-2x4.mp3 in Resources */ = {isa = PBXBuildFile; fileRef = 6134DB382BC6A8BB007D2045 /* comb-2x4.mp3 */; };
		6134DB632BC6A8BB007D2045 /* comb-2x5.mp3 in Resources */ = {isa = PBXBuildFile; fileRef = 6134DB392BC6A8BB007D2045 /* comb-2x5.mp3 */; };
		6134DB642BC6A8BB007D2045 /* comb-2x6.mp3 in Resources */ = {isa = PBXBuildFile; fileRef = 6134DB3A2BC6A8BB007D2045 /* comb-2x6.mp3 */; };
		6134DB652BC6A8BB007D2045 /* comb-3x1.mp3 in Resources */ = {isa = PBXBuildFile; fileRef = 6134DB3C2BC6A8BB007D2045 /* comb-3x1.mp3 */; };
		6134DB662BC6A8BB007D2045 /* comb-3x2.mp3 in Resources */ = {isa = PBXBuildFile; fileRef = 6134DB3D2BC6A8BB007D2045 /* comb-3x2.mp3 */; };
		6134DB672BC6A8BB007D2045 /* comb-3x3.mp3 in Resources */ = {isa = PBXBuildFile; fileRef = 6134DB3E2BC6A8BB007D2045 /* comb-3x3.mp3 */; };
		6134DB682BC6A8BB007D2045 /* comb-3x4.mp3 in Resources */ = {isa = PBXBuildFile; fileRef = 6134DB3F2BC6A8BB007D2045 /* comb-3x4.mp3 */; };
		6134DB692BC6A8BB007D2045 /* comb-3x5.mp3 in Resources */ = {isa = PBXBuildFile; fileRef = 6134DB402BC6A8BB007D2045 /* comb-3x5.mp3 */; };
		6134DB6A2BC6A8BB007D2045 /* comb-3x6.mp3 in Resources */ = {isa = PBXBuildFile; fileRef = 6134DB412BC6A8BB007D2045 /* comb-3x6.mp3 */; };
		6134DB6B2BC6A8BB007D2045 /* comb-4x1.mp3 in Resources */ = {isa = PBXBuildFile; fileRef = 6134DB432BC6A8BB007D2045 /* comb-4x1.mp3 */; };
		6134DB6C2BC6A8BB007D2045 /* comb-4x2.mp3 in Resources */ = {isa = PBXBuildFile; fileRef = 6134DB442BC6A8BB007D2045 /* comb-4x2.mp3 */; };
		6134DB6D2BC6A8BB007D2045 /* comb-4x3.mp3 in Resources */ = {isa = PBXBuildFile; fileRef = 6134DB452BC6A8BB007D2045 /* comb-4x3.mp3 */; };
		6134DB6E2BC6A8BB007D2045 /* comb-4x4.mp3 in Resources */ = {isa = PBXBuildFile; fileRef = 6134DB462BC6A8BB007D2045 /* comb-4x4.mp3 */; };
		6134DB6F2BC6A8BB007D2045 /* comb-4x5.mp3 in Resources */ = {isa = PBXBuildFile; fileRef = 6134DB472BC6A8BB007D2045 /* comb-4x5.mp3 */; };
		6134DB702BC6A8BB007D2045 /* comb-4x6.mp3 in Resources */ = {isa = PBXBuildFile; fileRef = 6134DB482BC6A8BB007D2045 /* comb-4x6.mp3 */; };
		6134DB712BC6A8BB007D2045 /* comb-5x1.mp3 in Resources */ = {isa = PBXBuildFile; fileRef = 6134DB4A2BC6A8BB007D2045 /* comb-5x1.mp3 */; };
		6134DB722BC6A8BB007D2045 /* comb-5x2.mp3 in Resources */ = {isa = PBXBuildFile; fileRef = 6134DB4B2BC6A8BB007D2045 /* comb-5x2.mp3 */; };
		6134DB732BC6A8BB007D2045 /* comb-5x3.mp3 in Resources */ = {isa = PBXBuildFile; fileRef = 6134DB4C2BC6A8BB007D2045 /* comb-5x3.mp3 */; };
		6134DB742BC6A8BB007D2045 /* comb-5x4.mp3 in Resources */ = {isa = PBXBuildFile; fileRef = 6134DB4D2BC6A8BB007D2045 /* comb-5x4.mp3 */; };
		6134DB752BC6A8BB007D2045 /* comb-5x5.mp3 in Resources */ = {isa = PBXBuildFile; fileRef = 6134DB4E2BC6A8BB007D2045 /* comb-5x5.mp3 */; };
		6134DB762BC6A8BB007D2045 /* comb-5x6.mp3 in Resources */ = {isa = PBXBuildFile; fileRef = 6134DB4F2BC6A8BB007D2045 /* comb-5x6.mp3 */; };
		6134DB772BC6A8BB007D2045 /* comb-6x1.mp3 in Resources */ = {isa = PBXBuildFile; fileRef = 6134DB512BC6A8BB007D2045 /* comb-6x1.mp3 */; };
		6134DB782BC6A8BB007D2045 /* comb-6x2.mp3 in Resources */ = {isa = PBXBuildFile; fileRef = 6134DB522BC6A8BB007D2045 /* comb-6x2.mp3 */; };
		6134DB792BC6A8BB007D2045 /* comb-6x3.mp3 in Resources */ = {isa = PBXBuildFile; fileRef = 6134DB532BC6A8BB007D2045 /* comb-6x3.mp3 */; };
		6134DB7A2BC6A8BB007D2045 /* comb-6x4.mp3 in Resources */ = {isa = PBXBuildFile; fileRef = 6134DB542BC6A8BB007D2045 /* comb-6x4.mp3 */; };
		6134DB7B2BC6A8BB007D2045 /* comb-6x5.mp3 in Resources */ = {isa = PBXBuildFile; fileRef = 6134DB552BC6A8BB007D2045 /* comb-6x5.mp3 */; };
		6134DB7C2BC6A8BB007D2045 /* comb-6x6.mp3 in Resources */ = {isa = PBXBuildFile; fileRef = 6134DB562BC6A8BB007D2045 /* comb-6x6.mp3 */; };
		6134DB7E2BC6ABAC007D2045 /* diceRoll.mp3 in Resources */ = {isa = PBXBuildFile; fileRef = 6134DB7D2BC6ABAC007D2045 /* diceRoll.mp3 */; };
		8441C37D22E8BCF600784574 /* AppDelegate.swift in Sources */ = {isa = PBXBuildFile; fileRef = 8441C37C22E8BCF600784574 /* AppDelegate.swift */; };
		8441C37F22E8BCF600784574 /* ViewController.swift in Sources */ = {isa = PBXBuildFile; fileRef = 8441C37E22E8BCF600784574 /* ViewController.swift */; };
		8441C38222E8BCF600784574 /* Main.storyboard in Resources */ = {isa = PBXBuildFile; fileRef = 8441C38022E8BCF600784574 /* Main.storyboard */; };
		8441C38422E8BCF700784574 /* Assets.xcassets in Resources */ = {isa = PBXBuildFile; fileRef = 8441C38322E8BCF700784574 /* Assets.xcassets */; };
		8441C38722E8BCF700784574 /* LaunchScreen.storyboard in Resources */ = {isa = PBXBuildFile; fileRef = 8441C38522E8BCF700784574 /* LaunchScreen.storyboard */; };
/* End PBXBuildFile section */

/* Begin PBXFileReference section */
		610A53072BDBC44A0026E297 /* DiceTableViewController.swift */ = {isa = PBXFileReference; lastKnownFileType = sourcecode.swift; path = DiceTableViewController.swift; sourceTree = "<group>"; };
		6134DB2C2BC69D19007D2045 /* Model.swift */ = {isa = PBXFileReference; lastKnownFileType = sourcecode.swift; path = Model.swift; sourceTree = "<group>"; };
		6134DB2E2BC6A8BB007D2045 /* comb-1x1.mp3 */ = {isa = PBXFileReference; lastKnownFileType = audio.mp3; path = "comb-1x1.mp3"; sourceTree = "<group>"; };
		6134DB2F2BC6A8BB007D2045 /* comb-1x2.mp3 */ = {isa = PBXFileReference; lastKnownFileType = audio.mp3; path = "comb-1x2.mp3"; sourceTree = "<group>"; };
		6134DB302BC6A8BB007D2045 /* comb-1x3.mp3 */ = {isa = PBXFileReference; lastKnownFileType = audio.mp3; path = "comb-1x3.mp3"; sourceTree = "<group>"; };
		6134DB312BC6A8BB007D2045 /* comb-1x4.mp3 */ = {isa = PBXFileReference; lastKnownFileType = audio.mp3; path = "comb-1x4.mp3"; sourceTree = "<group>"; };
		6134DB322BC6A8BB007D2045 /* comb-1x5.mp3 */ = {isa = PBXFileReference; lastKnownFileType = audio.mp3; path = "comb-1x5.mp3"; sourceTree = "<group>"; };
		6134DB332BC6A8BB007D2045 /* comb-1x6.mp3 */ = {isa = PBXFileReference; lastKnownFileType = audio.mp3; path = "comb-1x6.mp3"; sourceTree = "<group>"; };
		6134DB352BC6A8BB007D2045 /* comb-2x1.mp3 */ = {isa = PBXFileReference; lastKnownFileType = audio.mp3; path = "comb-2x1.mp3"; sourceTree = "<group>"; };
		6134DB362BC6A8BB007D2045 /* comb-2x2.mp3 */ = {isa = PBXFileReference; lastKnownFileType = audio.mp3; path = "comb-2x2.mp3"; sourceTree = "<group>"; };
		6134DB372BC6A8BB007D2045 /* comb-2x3.mp3 */ = {isa = PBXFileReference; lastKnownFileType = audio.mp3; path = "comb-2x3.mp3"; sourceTree = "<group>"; };
		6134DB382BC6A8BB007D2045 /* comb-2x4.mp3 */ = {isa = PBXFileReference; lastKnownFileType = audio.mp3; path = "comb-2x4.mp3"; sourceTree = "<group>"; };
		6134DB392BC6A8BB007D2045 /* comb-2x5.mp3 */ = {isa = PBXFileReference; lastKnownFileType = audio.mp3; path = "comb-2x5.mp3"; sourceTree = "<group>"; };
		6134DB3A2BC6A8BB007D2045 /* comb-2x6.mp3 */ = {isa = PBXFileReference; lastKnownFileType = audio.mp3; path = "comb-2x6.mp3"; sourceTree = "<group>"; };
		6134DB3C2BC6A8BB007D2045 /* comb-3x1.mp3 */ = {isa = PBXFileReference; lastKnownFileType = audio.mp3; path = "comb-3x1.mp3"; sourceTree = "<group>"; };
		6134DB3D2BC6A8BB007D2045 /* comb-3x2.mp3 */ = {isa = PBXFileReference; lastKnownFileType = audio.mp3; path = "comb-3x2.mp3"; sourceTree = "<group>"; };
		6134DB3E2BC6A8BB007D2045 /* comb-3x3.mp3 */ = {isa = PBXFileReference; lastKnownFileType = audio.mp3; path = "comb-3x3.mp3"; sourceTree = "<group>"; };
		6134DB3F2BC6A8BB007D2045 /* comb-3x4.mp3 */ = {isa = PBXFileReference; lastKnownFileType = audio.mp3; path = "comb-3x4.mp3"; sourceTree = "<group>"; };
		6134DB402BC6A8BB007D2045 /* comb-3x5.mp3 */ = {isa = PBXFileReference; lastKnownFileType = audio.mp3; path = "comb-3x5.mp3"; sourceTree = "<group>"; };
		6134DB412BC6A8BB007D2045 /* comb-3x6.mp3 */ = {isa = PBXFileReference; lastKnownFileType = audio.mp3; path = "comb-3x6.mp3"; sourceTree = "<group>"; };
		6134DB432BC6A8BB007D2045 /* comb-4x1.mp3 */ = {isa = PBXFileReference; lastKnownFileType = audio.mp3; path = "comb-4x1.mp3"; sourceTree = "<group>"; };
		6134DB442BC6A8BB007D2045 /* comb-4x2.mp3 */ = {isa = PBXFileReference; lastKnownFileType = audio.mp3; path = "comb-4x2.mp3"; sourceTree = "<group>"; };
		6134DB452BC6A8BB007D2045 /* comb-4x3.mp3 */ = {isa = PBXFileReference; lastKnownFileType = audio.mp3; path = "comb-4x3.mp3"; sourceTree = "<group>"; };
		6134DB462BC6A8BB007D2045 /* comb-4x4.mp3 */ = {isa = PBXFileReference; lastKnownFileType = audio.mp3; path = "comb-4x4.mp3"; sourceTree = "<group>"; };
		6134DB472BC6A8BB007D2045 /* comb-4x5.mp3 */ = {isa = PBXFileReference; lastKnownFileType = audio.mp3; path = "comb-4x5.mp3"; sourceTree = "<group>"; };
		6134DB482BC6A8BB007D2045 /* comb-4x6.mp3 */ = {isa = PBXFileReference; lastKnownFileType = audio.mp3; path = "comb-4x6.mp3"; sourceTree = "<group>"; };
		6134DB4A2BC6A8BB007D2045 /* comb-5x1.mp3 */ = {isa = PBXFileReference; lastKnownFileType = audio.mp3; path = "comb-5x1.mp3"; sourceTree = "<group>"; };
		6134DB4B2BC6A8BB007D2045 /* comb-5x2.mp3 */ = {isa = PBXFileReference; lastKnownFileType = audio.mp3; path = "comb-5x2.mp3"; sourceTree = "<group>"; };
		6134DB4C2BC6A8BB007D2045 /* comb-5x3.mp3 */ = {isa = PBXFileReference; lastKnownFileType = audio.mp3; path = "comb-5x3.mp3"; sourceTree = "<group>"; };
		6134DB4D2BC6A8BB007D2045 /* comb-5x4.mp3 */ = {isa = PBXFileReference; lastKnownFileType = audio.mp3; path = "comb-5x4.mp3"; sourceTree = "<group>"; };
		6134DB4E2BC6A8BB007D2045 /* comb-5x5.mp3 */ = {isa = PBXFileReference; lastKnownFileType = audio.mp3; path = "comb-5x5.mp3"; sourceTree = "<group>"; };
		6134DB4F2BC6A8BB007D2045 /* comb-5x6.mp3 */ = {isa = PBXFileReference; lastKnownFileType = audio.mp3; path = "comb-5x6.mp3"; sourceTree = "<group>"; };
		6134DB512BC6A8BB007D2045 /* comb-6x1.mp3 */ = {isa = PBXFileReference; lastKnownFileType = audio.mp3; path = "comb-6x1.mp3"; sourceTree = "<group>"; };
		6134DB522BC6A8BB007D2045 /* comb-6x2.mp3 */ = {isa = PBXFileReference; lastKnownFileType = audio.mp3; path = "comb-6x2.mp3"; sourceTree = "<group>"; };
		6134DB532BC6A8BB007D2045 /* comb-6x3.mp3 */ = {isa = PBXFileReference; lastKnownFileType = audio.mp3; path = "comb-6x3.mp3"; sourceTree = "<group>"; };
		6134DB542BC6A8BB007D2045 /* comb-6x4.mp3 */ = {isa = PBXFileReference; lastKnownFileType = audio.mp3; path = "comb-6x4.mp3"; sourceTree = "<group>"; };
		6134DB552BC6A8BB007D2045 /* comb-6x5.mp3 */ = {isa = PBXFileReference; lastKnownFileType = audio.mp3; path = "comb-6x5.mp3"; sourceTree = "<group>"; };
		6134DB562BC6A8BB007D2045 /* comb-6x6.mp3 */ = {isa = PBXFileReference; lastKnownFileType = audio.mp3; path = "comb-6x6.mp3"; sourceTree = "<group>"; };
		6134DB7D2BC6ABAC007D2045 /* diceRoll.mp3 */ = {isa = PBXFileReference; lastKnownFileType = audio.mp3; path = diceRoll.mp3; sourceTree = "<group>"; };
		8441C37922E8BCF600784574 /* DeeDice.app */ = {isa = PBXFileReference; explicitFileType = wrapper.application; includeInIndex = 0; path = DeeDice.app; sourceTree = BUILT_PRODUCTS_DIR; };
		8441C37C22E8BCF600784574 /* AppDelegate.swift */ = {isa = PBXFileReference; lastKnownFileType = sourcecode.swift; path = AppDelegate.swift; sourceTree = "<group>"; };
		8441C37E22E8BCF600784574 /* ViewController.swift */ = {isa = PBXFileReference; lastKnownFileType = sourcecode.swift; path = ViewController.swift; sourceTree = "<group>"; };
		8441C38122E8BCF600784574 /* Base */ = {isa = PBXFileReference; lastKnownFileType = file.storyboard; name = Base; path = Base.lproj/Main.storyboard; sourceTree = "<group>"; };
		8441C38322E8BCF700784574 /* Assets.xcassets */ = {isa = PBXFileReference; lastKnownFileType = folder.assetcatalog; path = Assets.xcassets; sourceTree = "<group>"; };
		8441C38622E8BCF700784574 /* Base */ = {isa = PBXFileReference; lastKnownFileType = file.storyboard; name = Base; path = Base.lproj/LaunchScreen.storyboard; sourceTree = "<group>"; };
		8441C38822E8BCF700784574 /* Info.plist */ = {isa = PBXFileReference; lastKnownFileType = text.plist.xml; path = Info.plist; sourceTree = "<group>"; };
/* End PBXFileReference section */

/* Begin PBXFrameworksBuildPhase section */
		8441C37622E8BCF600784574 /* Frameworks */ = {
			isa = PBXFrameworksBuildPhase;
			buildActionMask = 2147483647;
			files = (
			);
			runOnlyForDeploymentPostprocessing = 0;
		};
/* End PBXFrameworksBuildPhase section */

/* Begin PBXGroup section */
		6134DB292BC69BD8007D2045 /* Controller */ = {
			isa = PBXGroup;
			children = (
				8441C37E22E8BCF600784574 /* ViewController.swift */,
				610A53072BDBC44A0026E297 /* DiceTableViewController.swift */,
			);
			path = Controller;
			sourceTree = "<group>";
		};
		6134DB2A2BC69BE2007D2045 /* View */ = {
			isa = PBXGroup;
			children = (
				8441C38022E8BCF600784574 /* Main.storyboard */,
			);
			path = View;
			sourceTree = "<group>";
		};
		6134DB2B2BC69BE9007D2045 /* Model */ = {
			isa = PBXGroup;
			children = (
				6134DB2C2BC69D19007D2045 /* Model.swift */,
			);
			path = Model;
			sourceTree = "<group>";
		};
		6134DB342BC6A8BB007D2045 /* 1 */ = {
			isa = PBXGroup;
			children = (
				6134DB2E2BC6A8BB007D2045 /* comb-1x1.mp3 */,
				6134DB2F2BC6A8BB007D2045 /* comb-1x2.mp3 */,
				6134DB302BC6A8BB007D2045 /* comb-1x3.mp3 */,
				6134DB312BC6A8BB007D2045 /* comb-1x4.mp3 */,
				6134DB322BC6A8BB007D2045 /* comb-1x5.mp3 */,
				6134DB332BC6A8BB007D2045 /* comb-1x6.mp3 */,
			);
			path = 1;
			sourceTree = "<group>";
		};
		6134DB3B2BC6A8BB007D2045 /* 2 */ = {
			isa = PBXGroup;
			children = (
				6134DB352BC6A8BB007D2045 /* comb-2x1.mp3 */,
				6134DB362BC6A8BB007D2045 /* comb-2x2.mp3 */,
				6134DB372BC6A8BB007D2045 /* comb-2x3.mp3 */,
				6134DB382BC6A8BB007D2045 /* comb-2x4.mp3 */,
				6134DB392BC6A8BB007D2045 /* comb-2x5.mp3 */,
				6134DB3A2BC6A8BB007D2045 /* comb-2x6.mp3 */,
			);
			path = 2;
			sourceTree = "<group>";
		};
		6134DB422BC6A8BB007D2045 /* 3 */ = {
			isa = PBXGroup;
			children = (
				6134DB3C2BC6A8BB007D2045 /* comb-3x1.mp3 */,
				6134DB3D2BC6A8BB007D2045 /* comb-3x2.mp3 */,
				6134DB3E2BC6A8BB007D2045 /* comb-3x3.mp3 */,
				6134DB3F2BC6A8BB007D2045 /* comb-3x4.mp3 */,
				6134DB402BC6A8BB007D2045 /* comb-3x5.mp3 */,
				6134DB412BC6A8BB007D2045 /* comb-3x6.mp3 */,
			);
			path = 3;
			sourceTree = "<group>";
		};
		6134DB492BC6A8BB007D2045 /* 4 */ = {
			isa = PBXGroup;
			children = (
				6134DB432BC6A8BB007D2045 /* comb-4x1.mp3 */,
				6134DB442BC6A8BB007D2045 /* comb-4x2.mp3 */,
				6134DB452BC6A8BB007D2045 /* comb-4x3.mp3 */,
				6134DB462BC6A8BB007D2045 /* comb-4x4.mp3 */,
				6134DB472BC6A8BB007D2045 /* comb-4x5.mp3 */,
				6134DB482BC6A8BB007D2045 /* comb-4x6.mp3 */,
			);
			path = 4;
			sourceTree = "<group>";
		};
		6134DB502BC6A8BB007D2045 /* 5 */ = {
			isa = PBXGroup;
			children = (
				6134DB4A2BC6A8BB007D2045 /* comb-5x1.mp3 */,
				6134DB4B2BC6A8BB007D2045 /* comb-5x2.mp3 */,
				6134DB4C2BC6A8BB007D2045 /* comb-5x3.mp3 */,
				6134DB4D2BC6A8BB007D2045 /* comb-5x4.mp3 */,
				6134DB4E2BC6A8BB007D2045 /* comb-5x5.mp3 */,
				6134DB4F2BC6A8BB007D2045 /* comb-5x6.mp3 */,
			);
			path = 5;
			sourceTree = "<group>";
		};
		6134DB572BC6A8BB007D2045 /* 6 */ = {
			isa = PBXGroup;
			children = (
				6134DB512BC6A8BB007D2045 /* comb-6x1.mp3 */,
				6134DB522BC6A8BB007D2045 /* comb-6x2.mp3 */,
				6134DB532BC6A8BB007D2045 /* comb-6x3.mp3 */,
				6134DB542BC6A8BB007D2045 /* comb-6x4.mp3 */,
				6134DB552BC6A8BB007D2045 /* comb-6x5.mp3 */,
				6134DB562BC6A8BB007D2045 /* comb-6x6.mp3 */,
			);
			path = 6;
			sourceTree = "<group>";
		};
		6134DB582BC6A8BB007D2045 /* Combos m4a */ = {
			isa = PBXGroup;
			children = (
				6134DB342BC6A8BB007D2045 /* 1 */,
				6134DB3B2BC6A8BB007D2045 /* 2 */,
				6134DB422BC6A8BB007D2045 /* 3 */,
				6134DB492BC6A8BB007D2045 /* 4 */,
				6134DB502BC6A8BB007D2045 /* 5 */,
				6134DB572BC6A8BB007D2045 /* 6 */,
			);
			path = "Combos m4a";
			sourceTree = SOURCE_ROOT;
		};
		8441C37022E8BCF600784574 = {
			isa = PBXGroup;
			children = (
				8441C37B22E8BCF600784574 /* DeeDice */,
				6134DB582BC6A8BB007D2045 /* Combos m4a */,
				8441C37A22E8BCF600784574 /* Products */,
			);
			sourceTree = "<group>";
		};
		8441C37A22E8BCF600784574 /* Products */ = {
			isa = PBXGroup;
			children = (
				8441C37922E8BCF600784574 /* DeeDice.app */,
			);
			name = Products;
			sourceTree = "<group>";
		};
		8441C37B22E8BCF600784574 /* DeeDice */ = {
			isa = PBXGroup;
			children = (
				8441C37C22E8BCF600784574 /* AppDelegate.swift */,
				6134DB2B2BC69BE9007D2045 /* Model */,
				6134DB2A2BC69BE2007D2045 /* View */,
				6134DB292BC69BD8007D2045 /* Controller */,
				8441C38322E8BCF700784574 /* Assets.xcassets */,
				8441C38522E8BCF700784574 /* LaunchScreen.storyboard */,
				8441C38822E8BCF700784574 /* Info.plist */,
				6134DB7D2BC6ABAC007D2045 /* diceRoll.mp3 */,
			);
			path = DeeDice;
			sourceTree = "<group>";
		};
/* End PBXGroup section */

/* Begin PBXNativeTarget section */
		8441C37822E8BCF600784574 /* DeeDice */ = {
			isa = PBXNativeTarget;
			buildConfigurationList = 8441C38B22E8BCF700784574 /* Build configuration list for PBXNativeTarget "DeeDice" */;
			buildPhases = (
				8441C37522E8BCF600784574 /* Sources */,
				8441C37622E8BCF600784574 /* Frameworks */,
				8441C37722E8BCF600784574 /* Resources */,
			);
			buildRules = (
			);
			dependencies = (
			);
			name = DeeDice;
			productName = DeeDice;
			productReference = 8441C37922E8BCF600784574 /* DeeDice.app */;
			productType = "com.apple.product-type.application";
		};
/* End PBXNativeTarget section */

/* Begin PBXProject section */
		8441C37122E8BCF600784574 /* Project object */ = {
			isa = PBXProject;
			attributes = {
				BuildIndependentTargetsInParallel = YES;
				LastSwiftUpdateCheck = 1020;
				LastUpgradeCheck = 1530;
				TargetAttributes = {
					8441C37822E8BCF600784574 = {
						CreatedOnToolsVersion = 10.2.1;
					};
				};
			};
			buildConfigurationList = 8441C37422E8BCF600784574 /* Build configuration list for PBXProject "DeeDice" */;
			compatibilityVersion = "Xcode 9.3";
			developmentRegion = en;
			hasScannedForEncodings = 0;
			knownRegions = (
				en,
				Base,
			);
			mainGroup = 8441C37022E8BCF600784574;
			productRefGroup = 8441C37A22E8BCF600784574 /* Products */;
			projectDirPath = "";
			projectRoot = "";
			targets = (
				8441C37822E8BCF600784574 /* DeeDice */,
			);
		};
/* End PBXProject section */

/* Begin PBXResourcesBuildPhase section */
		8441C37722E8BCF600784574 /* Resources */ = {
			isa = PBXResourcesBuildPhase;
			buildActionMask = 2147483647;
			files = (
				6134DB7E2BC6ABAC007D2045 /* diceRoll.mp3 in Resources */,
				6134DB5D2BC6A8BB007D2045 /* comb-1x5.mp3 in Resources */,
				6134DB6A2BC6A8BB007D2045 /* comb-3x6.mp3 in Resources */,
				6134DB672BC6A8BB007D2045 /* comb-3x3.mp3 in Resources */,
				6134DB5E2BC6A8BB007D2045 /* comb-1x6.mp3 in Resources */,
				6134DB792BC6A8BB007D2045 /* comb-6x3.mp3 in Resources */,
				6134DB592BC6A8BB007D2045 /* comb-1x1.mp3 in Resources */,
				6134DB752BC6A8BB007D2045 /* comb-5x5.mp3 in Resources */,
				8441C38722E8BCF700784574 /* LaunchScreen.storyboard in Resources */,
				6134DB7A2BC6A8BB007D2045 /* comb-6x4.mp3 in Resources */,
				6134DB712BC6A8BB007D2045 /* comb-5x1.mp3 in Resources */,
				6134DB702BC6A8BB007D2045 /* comb-4x6.mp3 in Resources */,
				6134DB6C2BC6A8BB007D2045 /* comb-4x2.mp3 in Resources */,
				6134DB7C2BC6A8BB007D2045 /* comb-6x6.mp3 in Resources */,
				8441C38422E8BCF700784574 /* Assets.xcassets in Resources */,
				6134DB6D2BC6A8BB007D2045 /* comb-4x3.mp3 in Resources */,
				6134DB6E2BC6A8BB007D2045 /* comb-4x4.mp3 in Resources */,
				6134DB722BC6A8BB007D2045 /* comb-5x2.mp3 in Resources */,
				6134DB7B2BC6A8BB007D2045 /* comb-6x5.mp3 in Resources */,
				6134DB5C2BC6A8BB007D2045 /* comb-1x4.mp3 in Resources */,
				6134DB762BC6A8BB007D2045 /* comb-5x6.mp3 in Resources */,
				6134DB642BC6A8BB007D2045 /* comb-2x6.mp3 in Resources */,
				6134DB772BC6A8BB007D2045 /* comb-6x1.mp3 in Resources */,
				6134DB782BC6A8BB007D2045 /* comb-6x2.mp3 in Resources */,
				6134DB602BC6A8BB007D2045 /* comb-2x2.mp3 in Resources */,
				6134DB692BC6A8BB007D2045 /* comb-3x5.mp3 in Resources */,
				6134DB632BC6A8BB007D2045 /* comb-2x5.mp3 in Resources */,
				6134DB662BC6A8BB007D2045 /* comb-3x2.mp3 in Resources */,
				6134DB742BC6A8BB007D2045 /* comb-5x4.mp3 in Resources */,
				6134DB652BC6A8BB007D2045 /* comb-3x1.mp3 in Resources */,
				6134DB612BC6A8BB007D2045 /* comb-2x3.mp3 in Resources */,
				6134DB6F2BC6A8BB007D2045 /* comb-4x5.mp3 in Resources */,
				6134DB682BC6A8BB007D2045 /* comb-3x4.mp3 in Resources */,
				6134DB622BC6A8BB007D2045 /* comb-2x4.mp3 in Resources */,
				6134DB5A2BC6A8BB007D2045 /* comb-1x2.mp3 in Resources */,
				6134DB732BC6A8BB007D2045 /* comb-5x3.mp3 in Resources */,
				6134DB5F2BC6A8BB007D2045 /* comb-2x1.mp3 in Resources */,
				8441C38222E8BCF600784574 /* Main.storyboard in Resources */,
				6134DB5B2BC6A8BB007D2045 /* comb-1x3.mp3 in Resources */,
				6134DB6B2BC6A8BB007D2045 /* comb-4x1.mp3 in Resources */,
			);
			runOnlyForDeploymentPostprocessing = 0;
		};
/* End PBXResourcesBuildPhase section */

/* Begin PBXSourcesBuildPhase section */
		8441C37522E8BCF600784574 /* Sources */ = {
			isa = PBXSourcesBuildPhase;
			buildActionMask = 2147483647;
			files = (
				610A53082BDBC44A0026E297 /* DiceTableViewController.swift in Sources */,
				6134DB2D2BC69D19007D2045 /* Model.swift in Sources */,
				8441C37F22E8BCF600784574 /* ViewController.swift in Sources */,
				8441C37D22E8BCF600784574 /* AppDelegate.swift in Sources */,
			);
			runOnlyForDeploymentPostprocessing = 0;
		};
/* End PBXSourcesBuildPhase section */

/* Begin PBXVariantGroup section */
		8441C38022E8BCF600784574 /* Main.storyboard */ = {
			isa = PBXVariantGroup;
			children = (
				8441C38122E8BCF600784574 /* Base */,
			);
			name = Main.storyboard;
			sourceTree = "<group>";
		};
		8441C38522E8BCF700784574 /* LaunchScreen.storyboard */ = {
			isa = PBXVariantGroup;
			children = (
				8441C38622E8BCF700784574 /* Base */,
			);
			name = LaunchScreen.storyboard;
			sourceTree = "<group>";
		};
/* End PBXVariantGroup section */

/* Begin XCBuildConfiguration section */
		8441C38922E8BCF700784574 /* Debug */ = {
			isa = XCBuildConfiguration;
			buildSettings = {
				ALWAYS_SEARCH_USER_PATHS = NO;
				CLANG_ANALYZER_NONNULL = YES;
				CLANG_ANALYZER_NUMBER_OBJECT_CONVERSION = YES_AGGRESSIVE;
				CLANG_CXX_LANGUAGE_STANDARD = "gnu++14";
				CLANG_CXX_LIBRARY = "libc++";
				CLANG_ENABLE_MODULES = YES;
				CLANG_ENABLE_OBJC_ARC = YES;
				CLANG_ENABLE_OBJC_WEAK = YES;
				CLANG_WARN_BLOCK_CAPTURE_AUTORELEASING = YES;
				CLANG_WARN_BOOL_CONVERSION = YES;
				CLANG_WARN_COMMA = YES;
				CLANG_WARN_CONSTANT_CONVERSION = YES;
				CLANG_WARN_DEPRECATED_OBJC_IMPLEMENTATIONS = YES;
				CLANG_WARN_DIRECT_OBJC_ISA_USAGE = YES_ERROR;
				CLANG_WARN_DOCUMENTATION_COMMENTS = YES;
				CLANG_WARN_EMPTY_BODY = YES;
				CLANG_WARN_ENUM_CONVERSION = YES;
				CLANG_WARN_INFINITE_RECURSION = YES;
				CLANG_WARN_INT_CONVERSION = YES;
				CLANG_WARN_NON_LITERAL_NULL_CONVERSION = YES;
				CLANG_WARN_OBJC_IMPLICIT_RETAIN_SELF = YES;
				CLANG_WARN_OBJC_LITERAL_CONVERSION = YES;
				CLANG_WARN_OBJC_ROOT_CLASS = YES_ERROR;
				CLANG_WARN_QUOTED_INCLUDE_IN_FRAMEWORK_HEADER = YES;
				CLANG_WARN_RANGE_LOOP_ANALYSIS = YES;
				CLANG_WARN_STRICT_PROTOTYPES = YES;
				CLANG_WARN_SUSPICIOUS_MOVE = YES;
				CLANG_WARN_UNGUARDED_AVAILABILITY = YES_AGGRESSIVE;
				CLANG_WARN_UNREACHABLE_CODE = YES;
				CLANG_WARN__DUPLICATE_METHOD_MATCH = YES;
				CODE_SIGN_IDENTITY = "iPhone Developer";
				COPY_PHASE_STRIP = NO;
				DEBUG_INFORMATION_FORMAT = dwarf;
				ENABLE_STRICT_OBJC_MSGSEND = YES;
				ENABLE_TESTABILITY = YES;
				ENABLE_USER_SCRIPT_SANDBOXING = YES;
				GCC_C_LANGUAGE_STANDARD = gnu11;
				GCC_DYNAMIC_NO_PIC = NO;
				GCC_NO_COMMON_BLOCKS = YES;
				GCC_OPTIMIZATION_LEVEL = 0;
				GCC_PREPROCESSOR_DEFINITIONS = (
					"DEBUG=1",
					"$(inherited)",
				);
				GCC_WARN_64_TO_32_BIT_CONVERSION = YES;
				GCC_WARN_ABOUT_RETURN_TYPE = YES_ERROR;
				GCC_WARN_UNDECLARED_SELECTOR = YES;
				GCC_WARN_UNINITIALIZED_AUTOS = YES_AGGRESSIVE;
				GCC_WARN_UNUSED_FUNCTION = YES;
				GCC_WARN_UNUSED_VARIABLE = YES;
				IPHONEOS_DEPLOYMENT_TARGET = 12.2;
				MTL_ENABLE_DEBUG_INFO = INCLUDE_SOURCE;
				MTL_FAST_MATH = YES;
				ONLY_ACTIVE_ARCH = YES;
				SDKROOT = iphoneos;
				SWIFT_ACTIVE_COMPILATION_CONDITIONS = DEBUG;
				SWIFT_OPTIMIZATION_LEVEL = "-Onone";
			};
			name = Debug;
		};
		8441C38A22E8BCF700784574 /* Release */ = {
			isa = XCBuildConfiguration;
			buildSettings = {
				ALWAYS_SEARCH_USER_PATHS = NO;
				CLANG_ANALYZER_NONNULL = YES;
				CLANG_ANALYZER_NUMBER_OBJECT_CONVERSION = YES_AGGRESSIVE;
				CLANG_CXX_LANGUAGE_STANDARD = "gnu++14";
				CLANG_CXX_LIBRARY = "libc++";
				CLANG_ENABLE_MODULES = YES;
				CLANG_ENABLE_OBJC_ARC = YES;
				CLANG_ENABLE_OBJC_WEAK = YES;
				CLANG_WARN_BLOCK_CAPTURE_AUTORELEASING = YES;
				CLANG_WARN_BOOL_CONVERSION = YES;
				CLANG_WARN_COMMA = YES;
				CLANG_WARN_CONSTANT_CONVERSION = YES;
				CLANG_WARN_DEPRECATED_OBJC_IMPLEMENTATIONS = YES;
				CLANG_WARN_DIRECT_OBJC_ISA_USAGE = YES_ERROR;
				CLANG_WARN_DOCUMENTATION_COMMENTS = YES;
				CLANG_WARN_EMPTY_BODY = YES;
				CLANG_WARN_ENUM_CONVERSION = YES;
				CLANG_WARN_INFINITE_RECURSION = YES;
				CLANG_WARN_INT_CONVERSION = YES;
				CLANG_WARN_NON_LITERAL_NULL_CONVERSION = YES;
				CLANG_WARN_OBJC_IMPLICIT_RETAIN_SELF = YES;
				CLANG_WARN_OBJC_LITERAL_CONVERSION = YES;
				CLANG_WARN_OBJC_ROOT_CLASS = YES_ERROR;
				CLANG_WARN_QUOTED_INCLUDE_IN_FRAMEWORK_HEADER = YES;
				CLANG_WARN_RANGE_LOOP_ANALYSIS = YES;
				CLANG_WARN_STRICT_PROTOTYPES = YES;
				CLANG_WARN_SUSPICIOUS_MOVE = YES;
				CLANG_WARN_UNGUARDED_AVAILABILITY = YES_AGGRESSIVE;
				CLANG_WARN_UNREACHABLE_CODE = YES;
				CLANG_WARN__DUPLICATE_METHOD_MATCH = YES;
				CODE_SIGN_IDENTITY = "iPhone Developer";
				COPY_PHASE_STRIP = NO;
				DEBUG_INFORMATION_FORMAT = "dwarf-with-dsym";
				ENABLE_NS_ASSERTIONS = NO;
				ENABLE_STRICT_OBJC_MSGSEND = YES;
				ENABLE_USER_SCRIPT_SANDBOXING = YES;
				GCC_C_LANGUAGE_STANDARD = gnu11;
				GCC_NO_COMMON_BLOCKS = YES;
				GCC_WARN_64_TO_32_BIT_CONVERSION = YES;
				GCC_WARN_ABOUT_RETURN_TYPE = YES_ERROR;
				GCC_WARN_UNDECLARED_SELECTOR = YES;
				GCC_WARN_UNINITIALIZED_AUTOS = YES_AGGRESSIVE;
				GCC_WARN_UNUSED_FUNCTION = YES;
				GCC_WARN_UNUSED_VARIABLE = YES;
				IPHONEOS_DEPLOYMENT_TARGET = 12.2;
				MTL_ENABLE_DEBUG_INFO = NO;
				MTL_FAST_MATH = YES;
				SDKROOT = iphoneos;
				SWIFT_COMPILATION_MODE = wholemodule;
				SWIFT_OPTIMIZATION_LEVEL = "-O";
				VALIDATE_PRODUCT = YES;
			};
			name = Release;
		};
		8441C38C22E8BCF700784574 /* Debug */ = {
			isa = XCBuildConfiguration;
			buildSettings = {
				ASSETCATALOG_COMPILER_APPICON_NAME = AppIcon;
				CODE_SIGN_STYLE = Automatic;
				DEVELOPMENT_TEAM = PKQ9SDELPT;
				INFOPLIST_FILE = DeeDice/Info.plist;
				IPHONEOS_DEPLOYMENT_TARGET = 14.0;
				LD_RUNPATH_SEARCH_PATHS = (
					"$(inherited)",
					"@executable_path/Frameworks",
				);
				PRODUCT_BUNDLE_IDENTIFIER = com.diegogabisonia.DeeDice;
				PRODUCT_NAME = "$(TARGET_NAME)";
				SWIFT_VERSION = 5.0;
				TARGETED_DEVICE_FAMILY = 1;
			};
			name = Debug;
		};
		8441C38D22E8BCF700784574 /* Release */ = {
			isa = XCBuildConfiguration;
			buildSettings = {
				ASSETCATALOG_COMPILER_APPICON_NAME = AppIcon;
				CODE_SIGN_STYLE = Automatic;
				DEVELOPMENT_TEAM = PKQ9SDELPT;
				INFOPLIST_FILE = DeeDice/Info.plist;
				IPHONEOS_DEPLOYMENT_TARGET = 14.0;
				LD_RUNPATH_SEARCH_PATHS = (
					"$(inherited)",
					"@executable_path/Frameworks",
				);
				PRODUCT_BUNDLE_IDENTIFIER = com.diegogabisonia.DeeDice;
				PRODUCT_NAME = "$(TARGET_NAME)";
				SWIFT_VERSION = 5.0;
				TARGETED_DEVICE_FAMILY = 1;
			};
			name = Release;
		};
/* End XCBuildConfiguration section */

/* Begin XCConfigurationList section */
		8441C37422E8BCF600784574 /* Build configuration list for PBXProject "DeeDice" */ = {
			isa = XCConfigurationList;
			buildConfigurations = (
				8441C38922E8BCF700784574 /* Debug */,
				8441C38A22E8BCF700784574 /* Release */,
			);
			defaultConfigurationIsVisible = 0;
			defaultConfigurationName = Release;
		};
		8441C38B22E8BCF700784574 /* Build configuration list for PBXNativeTarget "DeeDice" */ = {
			isa = XCConfigurationList;
			buildConfigurations = (
				8441C38C22E8BCF700784574 /* Debug */,
				8441C38D22E8BCF700784574 /* Release */,
			);
			defaultConfigurationIsVisible = 0;
			defaultConfigurationName = Release;
		};
/* End XCConfigurationList section */
	};
	rootObject = 8441C37122E8BCF600784574 /* Project object */;
}
